
Microsoft Visual Studio Solution File, Format Version 12.00
# Visual Studio Version 16
VisualStudioVersion = 16.0.31613.86
MinimumVisualStudioVersion = 10.0.40219.1
Project("{FAE04EC0-301F-11D3-BF4B-00C04F79EFBC}") = "basic_programming59", "basic_programming59\basic_programming59.csproj", "{4F45EC7C-2450-4D3F-9C14-D1CBE181BFE9}"
EndProject
Global
	GlobalSection(SolutionConfigurationPlatforms) = preSolution
		Debug|Any CPU = Debug|Any CPU
		Release|Any CPU = Release|Any CPU
	EndGlobalSection
	GlobalSection(ProjectConfigurationPlatforms) = postSolution
		{4F45EC7C-2450-4D3F-9C14-D1CBE181BFE9}.Debug|Any CPU.ActiveCfg = Debug|Any CPU
		{4F45EC7C-2450-4D3F-9C14-D1CBE181BFE9}.Debug|Any CPU.Build.0 = Debug|Any CPU
		{4F45EC7C-2450-4D3F-9C14-D1CBE181BFE9}.Release|Any CPU.ActiveCfg = Release|Any CPU
		{4F45EC7C-2450-4D3F-9C14-D1CBE181BFE9}.Release|Any CPU.Build.0 = Release|Any CPU
	EndGlobalSection
	GlobalSection(SolutionProperties) = preSolution
		HideSolutionNode = FALSE
	EndGlobalSection
	GlobalSection(ExtensibilityGlobals) = postSolution
		SolutionGuid = {4FD288BC-B988-45AF-B8E4-D2532AEDF50F}
	EndGlobalSection
EndGlobal
